#MicroXplorer Configuration settings - do not modify
Mcu.Family=STM32F4
ProjectManager.MainLocation=Src
ProjectManager.ProjectFileName=project.ioc
RCC.CortexFreq_Value=80000000
PB8.GPIOParameters=GPIO_PuPd,GPIO_Label,GPIO_ModeDefaultEXTI
ProjectManager.TemplateDestinationPath=/home/titouan/Documents/e2i_polytech/S2/projet_micro_c/verbose-pancake/libs/test
PB9.GPIO_Label=BUZZER
ProjectManager.KeepUserCode=true
Mcu.UserName=STM32F446RETx
Mcu.PinsNb=4
ProjectManager.NoMain=false
RCC.PLLCLKFreq_Value=80000000
RCC.FMPI2C1Freq_Value=40000000
RCC.PLLQCLKFreq_Value=160000000
RCC.VCOI2SInputFreq_Value=1000000
ProjectManager.functionlistsort=1-MX_GPIO_Init-GPIO-false-HAL-true,2-SystemClock_Config-RCC-false-HAL-false
PB8.GPIO_PuPd=GPIO_PULLDOWN
RCC.RTCFreq_Value=32000
ProjectManager.DefaultFWLocation=true
RCC.PLLI2SRCLKFreq_Value=96000000
ProjectManager.DeletePrevious=true
TIM2.Channel-PWM\ Generation2\ CH2=TIM_CHANNEL_2
RCC.APB1CLKDivider=RCC_HCLK_DIV2
ProjectManager.TemplateSourcePath=/home/titouan/STM32CubeMX/db/extra_templates
boardIOC=true
RCC.SAIAFreq_Value=96000000
PinOutPanel.RotationAngle=0
RCC.FamilyName=M
RCC.SYSCLKSource=RCC_SYSCLKSOURCE_PLLCLK
ProjectManager.StackSize=0x400
PB9.GPIOParameters=GPIO_Label
RCC.FCLKCortexFreq_Value=80000000
NVIC.SVCall_IRQn=true\:0\:0\:false\:false\:true\:false\:false
Mcu.IP2=SYS
PB8.GPIO_Label=SHIELD_USER
Mcu.IP3=TIM2
SH.S_TIM2_CH2.0=TIM2_CH2,PWM Generation2 CH2
Mcu.IP0=NVIC
Mcu.IP1=RCC
PA8.GPIO_Label=SHIELD_RGB_red
PB8.GPIO_ModeDefaultEXTI=GPIO_MODE_IT_FALLING
Mcu.UserConstants=
ProjectManager.TargetToolchain=Makefile
Mcu.ThirdPartyNb=0
RCC.SDIOFreq_Value=160000000
RCC.HCLKFreq_Value=80000000
Mcu.IPNb=4
RCC.I2SClocksFreq_Value=96000000
TIM2.IPParameters=Channel-PWM Generation2 CH2,Prescaler,Period,Pulse-PWM Generation2 CH2
ProjectManager.PreviousToolchain=
RCC.APB2TimFreq_Value=80000000
SH.S_TIM2_CH2.ConfNb=1
RCC.SPDIFRXFreq_Value=160000000
RCC.VcooutputI2S=96000000
PB9.Locked=true
PA8.GPIOParameters=GPIO_PuPd,GPIO_Label
RCC.VCOInputMFreq_Value=1000000
ProjectManager.RegisterCallBack=
RCC.USBFreq_Value=160000000
RCC.VCOSAIOutputFreq_Value=192000000
RCC.AHBFreq_Value=80000000
Mcu.Pin0=PA8
Mcu.Pin1=PB8
GPIO.groupedBy=Group By Peripherals
Mcu.Pin2=PB9
Mcu.Pin3=VP_SYS_VS_Systick
RCC.VCOI2SOutputFreq_Value=192000000
ProjectManager.ProjectBuild=false
RCC.HSE_VALUE=8000000
NVIC.UsageFault_IRQn=true\:0\:0\:false\:false\:true\:true\:false
NVIC.DebugMonitor_IRQn=true\:0\:0\:false\:false\:true\:true\:false
PA8.Locked=true
RCC.PLLSAIPCLKFreq_Value=96000000
board=NUCLEO-F446RE
RCC.VCOOutputFreq_Value=320000000
NVIC.SysTick_IRQn=true\:0\:0\:true\:false\:true\:true\:true
ProjectManager.LastFirmware=true
ProjectManager.FirmwarePackage=STM32Cube FW_F4 V1.26.1
MxDb.Version=DB.6.0.21
RCC.APB2Freq_Value=80000000
ProjectManager.BackupPrevious=false
MxCube.Version=6.2.1
RCC.VCOInputFreq_Value=1000000
RCC.PLLI2SPCLKFreq_Value=96000000
File.Version=6
VP_SYS_VS_Systick.Mode=SysTick
RCC.EthernetFreq_Value=84000000
NVIC.NonMaskableInt_IRQn=true\:0\:0\:false\:false\:true\:true\:false
PB8.Locked=true
PA8.Signal=GPIO_Output
RCC.PLLRCLKFreq_Value=160000000
NVIC.PendSV_IRQn=true\:0\:0\:false\:false\:true\:false\:false
TIM2.Period=1000
ProjectManager.FreePins=false
RCC.IPParameters=48MHZClocksFreq_Value,AHBFreq_Value,APB1CLKDivider,APB1Freq_Value,APB1TimFreq_Value,APB2Freq_Value,APB2TimFreq_Value,CECFreq_Value,CortexFreq_Value,EthernetFreq_Value,FCLKCortexFreq_Value,FLatency-AdvancedSettings,FMPI2C1Freq_Value,FamilyName,HCLKFreq_Value,HSE_VALUE,HSI_VALUE,I2SClocksFreq_Value,LSI_VALUE,MCO2PinFreq_Value,PLLCLKFreq_Value,PLLI2SPCLKFreq_Value,PLLI2SQCLKFreq_Value,PLLI2SRCLKFreq_Value,PLLN,PLLP,PLLQCLKFreq_Value,PLLRCLKFreq_Value,PLLSAIPCLKFreq_Value,PLLSAIQCLKFreq_Value,PWRFreq_Value,RTCFreq_Value,RTCHSEDivFreq_Value,SAIAFreq_Value,SAIBFreq_Value,SDIOFreq_Value,SPDIFRXFreq_Value,SYSCLKFreq_VALUE,SYSCLKSource,USBFreq_Value,VCOI2SInputFreq_Value,VCOI2SOutputFreq_Value,VCOInputFreq_Value,VCOInputMFreq_Value,VCOOutputFreq_Value,VCOSAIInputFreq_Value,VCOSAIOutputFreq_Value,VcooutputI2S
ProjectManager.AskForMigrate=true
Mcu.Name=STM32F446R(C-E)Tx
RCC.PLLI2SQCLKFreq_Value=96000000
ProjectManager.HalAssertFull=false
RCC.RTCHSEDivFreq_Value=4000000
ProjectManager.ProjectName=project
ProjectManager.UnderRoot=false
RCC.FLatency-AdvancedSettings=FLASH_LATENCY_2
RCC.VCOSAIInputFreq_Value=1000000
ProjectManager.CoupleFile=true
RCC.48MHZClocksFreq_Value=84000000
RCC.MCO2PinFreq_Value=80000000
RCC.SYSCLKFreq_VALUE=80000000
PB9.Signal=S_TIM2_CH2
Mcu.Package=LQFP64
TIM2.Prescaler=40
NVIC.ForceEnableDMAVector=true
KeepUserPlacement=true
SH.GPXTI8.0=GPIO_EXTI8
NVIC.MemoryManagement_IRQn=true\:0\:0\:false\:false\:true\:true\:false
ProjectManager.CompilerOptimize=6
ProjectManager.ToolChainLocation=
RCC.LSI_VALUE=32000
VP_SYS_VS_Systick.Signal=SYS_VS_Systick
NVIC.EXTI9_5_IRQn=true\:0\:0\:false\:false\:true\:true\:true
SH.GPXTI8.ConfNb=1
ProjectManager.HeapSize=0x200
NVIC.HardFault_IRQn=true\:0\:0\:false\:false\:true\:true\:false
TIM2.Pulse-PWM\ Generation2\ CH2=500
ProjectManager.ComputerToolchain=false
RCC.HSI_VALUE=16000000
PA8.GPIO_PuPd=GPIO_PULLDOWN
RCC.PLLP=RCC_PLLP_DIV4
NVIC.PriorityGroup=NVIC_PRIORITYGROUP_0
RCC.PLLN=320
RCC.CECFreq_Value=32786.88524590164
RCC.APB1TimFreq_Value=80000000
PB8.Signal=GPXTI8
NVIC.BusFault_IRQn=true\:0\:0\:false\:false\:true\:true\:false
RCC.PWRFreq_Value=80000000
RCC.SAIBFreq_Value=96000000
RCC.APB1Freq_Value=40000000
ProjectManager.CustomerFirmwarePackage=
ProjectManager.DeviceId=STM32F446RETx
ProjectManager.LibraryCopy=0
RCC.PLLSAIQCLKFreq_Value=96000000
